// !$*UTF8*$!
{
	archiveVersion = 1;
	classes = {
	};
	objectVersion = 55;
	objects = {

/* Begin PBXBuildFile section */
		1C60BB8728B56632002E5C94 /* HereApp.swift in Sources */ = {isa = PBXBuildFile; fileRef = 1C60BB8628B56632002E5C94 /* HereApp.swift */; };
		1C60BB8928B56632002E5C94 /* ContentView.swift in Sources */ = {isa = PBXBuildFile; fileRef = 1C60BB8828B56632002E5C94 /* ContentView.swift */; };
		1C60BB8B28B56634002E5C94 /* Assets.xcassets in Resources */ = {isa = PBXBuildFile; fileRef = 1C60BB8A28B56634002E5C94 /* Assets.xcassets */; };
		1C60BB8E28B56634002E5C94 /* Preview Assets.xcassets in Resources */ = {isa = PBXBuildFile; fileRef = 1C60BB8D28B56634002E5C94 /* Preview Assets.xcassets */; };
		1C60BB9628B5689A002E5C94 /* StatusBarController.swift in Sources */ = {isa = PBXBuildFile; fileRef = 1C60BB9528B5689A002E5C94 /* StatusBarController.swift */; };
		1C60BB9828B56BC0002E5C94 /* AppDelegate.swift in Sources */ = {isa = PBXBuildFile; fileRef = 1C60BB9728B56BC0002E5C94 /* AppDelegate.swift */; };
		1C62A7C628ECC340007A824F /* ToggleSwitch.swift in Sources */ = {isa = PBXBuildFile; fileRef = 1C62A7C528ECC340007A824F /* ToggleSwitch.swift */; };
/* End PBXBuildFile section */

/* Begin PBXFileReference section */
		1C60BB8328B56632002E5C94 /* Here.app */ = {isa = PBXFileReference; explicitFileType = wrapper.application; includeInIndex = 0; path = Here.app; sourceTree = BUILT_PRODUCTS_DIR; };
		1C60BB8628B56632002E5C94 /* HereApp.swift */ = {isa = PBXFileReference; lastKnownFileType = sourcecode.swift; path = HereApp.swift; sourceTree = "<group>"; };
		1C60BB8828B56632002E5C94 /* ContentView.swift */ = {isa = PBXFileReference; lastKnownFileType = sourcecode.swift; path = ContentView.swift; sourceTree = "<group>"; };
		1C60BB8A28B56634002E5C94 /* Assets.xcassets */ = {isa = PBXFileReference; lastKnownFileType = folder.assetcatalog; path = Assets.xcassets; sourceTree = "<group>"; };
		1C60BB8D28B56634002E5C94 /* Preview Assets.xcassets */ = {isa = PBXFileReference; lastKnownFileType = folder.assetcatalog; path = "Preview Assets.xcassets"; sourceTree = "<group>"; };
		1C60BB8F28B56634002E5C94 /* Here.entitlements */ = {isa = PBXFileReference; lastKnownFileType = text.plist.entitlements; path = Here.entitlements; sourceTree = "<group>"; };
		1C60BB9528B5689A002E5C94 /* StatusBarController.swift */ = {isa = PBXFileReference; lastKnownFileType = sourcecode.swift; path = StatusBarController.swift; sourceTree = "<group>"; };
		1C60BB9728B56BC0002E5C94 /* AppDelegate.swift */ = {isa = PBXFileReference; lastKnownFileType = sourcecode.swift; path = AppDelegate.swift; sourceTree = "<group>"; };
		1C62A7C528ECC340007A824F /* ToggleSwitch.swift */ = {isa = PBXFileReference; lastKnownFileType = sourcecode.swift; path = ToggleSwitch.swift; sourceTree = "<group>"; };
/* End PBXFileReference section */

/* Begin PBXFrameworksBuildPhase section */
		1C60BB8028B56632002E5C94 /* Frameworks */ = {
			isa = PBXFrameworksBuildPhase;
			buildActionMask = 2147483647;
			files = (
			);
			runOnlyForDeploymentPostprocessing = 0;
		};
/* End PBXFrameworksBuildPhase section */

/* Begin PBXGroup section */
		1C60BB7A28B56632002E5C94 = {
			isa = PBXGroup;
			children = (
				1C60BB8528B56632002E5C94 /* Here */,
				1C60BB8428B56632002E5C94 /* Products */,
			);
			sourceTree = "<group>";
		};
		1C60BB8428B56632002E5C94 /* Products */ = {
			isa = PBXGroup;
			children = (
				1C60BB8328B56632002E5C94 /* Here.app */,
			);
			name = Products;
			sourceTree = "<group>";
		};
		1C60BB8528B56632002E5C94 /* Here */ = {
			isa = PBXGroup;
			children = (
				1C60BB8628B56632002E5C94 /* HereApp.swift */,
				1C60BB9728B56BC0002E5C94 /* AppDelegate.swift */,
				1C60BB8828B56632002E5C94 /* ContentView.swift */,
				1C60BB9528B5689A002E5C94 /* StatusBarController.swift */,
				1C60BB8A28B56634002E5C94 /* Assets.xcassets */,
				1C60BB8F28B56634002E5C94 /* Here.entitlements */,
				1C60BB8C28B56634002E5C94 /* Preview Content */,
				1C62A7C528ECC340007A824F /* ToggleSwitch.swift */,
			);
			path = Here;
			sourceTree = "<group>";
		};
		1C60BB8C28B56634002E5C94 /* Preview Content */ = {
			isa = PBXGroup;
			children = (
				1C60BB8D28B56634002E5C94 /* Preview Assets.xcassets */,
			);
			path = "Preview Content";
			sourceTree = "<group>";
		};
/* End PBXGroup section */

/* Begin PBXNativeTarget section */
		1C60BB8228B56632002E5C94 /* Here */ = {
			isa = PBXNativeTarget;
			buildConfigurationList = 1C60BB9228B56634002E5C94 /* Build configuration list for PBXNativeTarget "Here" */;
			buildPhases = (
				1C60BB7F28B56632002E5C94 /* Sources */,
				1C60BB8028B56632002E5C94 /* Frameworks */,
				1C60BB8128B56632002E5C94 /* Resources */,
			);
			buildRules = (
			);
			dependencies = (
			);
			name = Here;
			productName = Here;
			productReference = 1C60BB8328B56632002E5C94 /* Here.app */;
			productType = "com.apple.product-type.application";
		};
/* End PBXNativeTarget section */

/* Begin PBXProject section */
		1C60BB7B28B56632002E5C94 /* Project object */ = {
			isa = PBXProject;
			attributes = {
				BuildIndependentTargetsInParallel = 1;
				LastSwiftUpdateCheck = 1340;
				LastUpgradeCheck = 1340;
				TargetAttributes = {
					1C60BB8228B56632002E5C94 = {
						CreatedOnToolsVersion = 13.4;
					};
				};
			};
			buildConfigurationList = 1C60BB7E28B56632002E5C94 /* Build configuration list for PBXProject "Here" */;
			compatibilityVersion = "Xcode 13.0";
			developmentRegion = en;
			hasScannedForEncodings = 0;
			knownRegions = (
				en,
				Base,
			);
			mainGroup = 1C60BB7A28B56632002E5C94;
			productRefGroup = 1C60BB8428B56632002E5C94 /* Products */;
			projectDirPath = "";
			projectRoot = "";
			targets = (
				1C60BB8228B56632002E5C94 /* Here */,
			);
		};
/* End PBXProject section */

/* Begin PBXResourcesBuildPhase section */
		1C60BB8128B56632002E5C94 /* Resources */ = {
			isa = PBXResourcesBuildPhase;
			buildActionMask = 2147483647;
			files = (
				1C60BB8E28B56634002E5C94 /* Preview Assets.xcassets in Resources */,
				1C60BB8B28B56634002E5C94 /* Assets.xcassets in Resources */,
			);
			runOnlyForDeploymentPostprocessing = 0;
		};
/* End PBXResourcesBuildPhase section */

/* Begin PBXSourcesBuildPhase section */
		1C60BB7F28B56632002E5C94 /* Sources */ = {
			isa = PBXSourcesBuildPhase;
			buildActionMask = 2147483647;
			files = (
				1C60BB9828B56BC0002E5C94 /* AppDelegate.swift in Sources */,
				1C60BB8928B56632002E5C94 /* ContentView.swift in Sources */,
				1C60BB9628B5689A002E5C94 /* StatusBarController.swift in Sources */,
				1C60BB8728B56632002E5C94 /* HereApp.swift in Sources */,
				1C62A7C628ECC340007A824F /* ToggleSwitch.swift in Sources */,
			);
			runOnlyForDeploymentPostprocessing = 0;
		};
/* End PBXSourcesBuildPhase section */

/* Begin XCBuildConfiguration section */
		1C60BB9028B56634002E5C94 /* Debug */ = {
			isa = XCBuildConfiguration;
			buildSettings = {
				ALWAYS_SEARCH_USER_PATHS = NO;
				CLANG_ANALYZER_NONNULL = YES;
				CLANG_ANALYZER_NUMBER_OBJECT_CONVERSION = YES_AGGRESSIVE;
				CLANG_CXX_LANGUAGE_STANDARD = "gnu++17";
				CLANG_ENABLE_MODULES = YES;
				CLANG_ENABLE_OBJC_ARC = YES;
				CLANG_ENABLE_OBJC_WEAK = YES;
				CLANG_WARN_BLOCK_CAPTURE_AUTORELEASING = YES;
				CLANG_WARN_BOOL_CONVERSION = YES;
				CLANG_WARN_COMMA = YES;
				CLANG_WARN_CONSTANT_CONVERSION = YES;
				CLANG_WARN_DEPRECATED_OBJC_IMPLEMENTATIONS = YES;
				CLANG_WARN_DIRECT_OBJC_ISA_USAGE = YES_ERROR;
				CLANG_WARN_DOCUMENTATION_COMMENTS = YES;
				CLANG_WARN_EMPTY_BODY = YES;
				CLANG_WARN_ENUM_CONVERSION = YES;
				CLANG_WARN_INFINITE_RECURSION = YES;
				CLANG_WARN_INT_CONVERSION = YES;
				CLANG_WARN_NON_LITERAL_NULL_CONVERSION = YES;
				CLANG_WARN_OBJC_IMPLICIT_RETAIN_SELF = YES;
				CLANG_WARN_OBJC_LITERAL_CONVERSION = YES;
				CLANG_WARN_OBJC_ROOT_CLASS = YES_ERROR;
				CLANG_WARN_QUOTED_INCLUDE_IN_FRAMEWORK_HEADER = YES;
				CLANG_WARN_RANGE_LOOP_ANALYSIS = YES;
				CLANG_WARN_STRICT_PROTOTYPES = YES;
				CLANG_WARN_SUSPICIOUS_MOVE = YES;
				CLANG_WARN_UNGUARDED_AVAILABILITY = YES_AGGRESSIVE;
				CLANG_WARN_UNREACHABLE_CODE = YES;
				CLANG_WARN__DUPLICATE_METHOD_MATCH = YES;
				COPY_PHASE_STRIP = NO;
				DEBUG_INFORMATION_FORMAT = dwarf;
				ENABLE_STRICT_OBJC_MSGSEND = YES;
				ENABLE_TESTABILITY = YES;
				GCC_C_LANGUAGE_STANDARD = gnu11;
				GCC_DYNAMIC_NO_PIC = NO;
				GCC_NO_COMMON_BLOCKS = YES;
				GCC_OPTIMIZATION_LEVEL = 0;
				GCC_PREPROCESSOR_DEFINITIONS = (
					"DEBUG=1",
					"$(inherited)",
				);
				GCC_WARN_64_TO_32_BIT_CONVERSION = YES;
				GCC_WARN_ABOUT_RETURN_TYPE = YES_ERROR;
				GCC_WARN_UNDECLARED_SELECTOR = YES;
				GCC_WARN_UNINITIALIZED_AUTOS = YES_AGGRESSIVE;
				GCC_WARN_UNUSED_FUNCTION = YES;
				GCC_WARN_UNUSED_VARIABLE = YES;
				MACOSX_DEPLOYMENT_TARGET = 12.3;
				MTL_ENABLE_DEBUG_INFO = INCLUDE_SOURCE;
				MTL_FAST_MATH = YES;
				ONLY_ACTIVE_ARCH = YES;
				SDKROOT = macosx;
				SWIFT_ACTIVE_COMPILATION_CONDITIONS = DEBUG;
				SWIFT_OPTIMIZATION_LEVEL = "-Onone";
			};
			name = Debug;
		};
		1C60BB9128B56634002E5C94 /* Release */ = {
			isa = XCBuildConfiguration;
			buildSettings = {
				ALWAYS_SEARCH_USER_PATHS = NO;
				CLANG_ANALYZER_NONNULL = YES;
				CLANG_ANALYZER_NUMBER_OBJECT_CONVERSION = YES_AGGRESSIVE;
				CLANG_CXX_LANGUAGE_STANDARD = "gnu++17";
				CLANG_ENABLE_MODULES = YES;
				CLANG_ENABLE_OBJC_ARC = YES;
				CLANG_ENABLE_OBJC_WEAK = YES;
				CLANG_WARN_BLOCK_CAPTURE_AUTORELEASING = YES;
				CLANG_WARN_BOOL_CONVERSION = YES;
				CLANG_WARN_COMMA = YES;
				CLANG_WARN_CONSTANT_CONVERSION = YES;
				CLANG_WARN_DEPRECATED_OBJC_IMPLEMENTATIONS = YES;
				CLANG_WARN_DIRECT_OBJC_ISA_USAGE = YES_ERROR;
				CLANG_WARN_DOCUMENTATION_COMMENTS = YES;
				CLANG_WARN_EMPTY_BODY = YES;
				CLANG_WARN_ENUM_CONVERSION = YES;
				CLANG_WARN_INFINITE_RECURSION = YES;
				CLANG_WARN_INT_CONVERSION = YES;
				CLANG_WARN_NON_LITERAL_NULL_CONVERSION = YES;
				CLANG_WARN_OBJC_IMPLICIT_RETAIN_SELF = YES;
				CLANG_WARN_OBJC_LITERAL_CONVERSION = YES;
				CLANG_WARN_OBJC_ROOT_CLASS = YES_ERROR;
				CLANG_WARN_QUOTED_INCLUDE_IN_FRAMEWORK_HEADER = YES;
				CLANG_WARN_RANGE_LOOP_ANALYSIS = YES;
				CLANG_WARN_STRICT_PROTOTYPES = YES;
				CLANG_WARN_SUSPICIOUS_MOVE = YES;
				CLANG_WARN_UNGUARDED_AVAILABILITY = YES_AGGRESSIVE;
				CLANG_WARN_UNREACHABLE_CODE = YES;
				CLANG_WARN__DUPLICATE_METHOD_MATCH = YES;
				COPY_PHASE_STRIP = NO;
				DEBUG_INFORMATION_FORMAT = "dwarf-with-dsym";
				ENABLE_NS_ASSERTIONS = NO;
				ENABLE_STRICT_OBJC_MSGSEND = YES;
				GCC_C_LANGUAGE_STANDARD = gnu11;
				GCC_NO_COMMON_BLOCKS = YES;
				GCC_WARN_64_TO_32_BIT_CONVERSION = YES;
				GCC_WARN_ABOUT_RETURN_TYPE = YES_ERROR;
				GCC_WARN_UNDECLARED_SELECTOR = YES;
				GCC_WARN_UNINITIALIZED_AUTOS = YES_AGGRESSIVE;
				GCC_WARN_UNUSED_FUNCTION = YES;
				GCC_WARN_UNUSED_VARIABLE = YES;
				MACOSX_DEPLOYMENT_TARGET = 12.3;
				MTL_ENABLE_DEBUG_INFO = NO;
				MTL_FAST_MATH = YES;
				SDKROOT = macosx;
				SWIFT_COMPILATION_MODE = wholemodule;
				SWIFT_OPTIMIZATION_LEVEL = "-O";
			};
			name = Release;
		};
		1C60BB9328B56634002E5C94 /* Debug */ = {
			isa = XCBuildConfiguration;
			buildSettings = {
				ASSETCATALOG_COMPILER_APPICON_NAME = AppIcon;
				ASSETCATALOG_COMPILER_GLOBAL_ACCENT_COLOR_NAME = AccentColor;
				CODE_SIGN_ENTITLEMENTS = Here/Here.entitlements;
				CODE_SIGN_STYLE = Automatic;
				COMBINE_HIDPI_IMAGES = YES;
				CURRENT_PROJECT_VERSION = 1;
				DEVELOPMENT_ASSET_PATHS = "\"Here/Preview Content\"";
				DEVELOPMENT_TEAM = KQAXZ9X69A;
				ENABLE_HARDENED_RUNTIME = YES;
				ENABLE_PREVIEWS = YES;
				GENERATE_INFOPLIST_FILE = YES;
				INFOPLIST_KEY_NSHumanReadableCopyright = "";
				LD_RUNPATH_SEARCH_PATHS = (
					"$(inherited)",
					"@executable_path/../Frameworks",
				);
				MARKETING_VERSION = 1.0;
				PRODUCT_BUNDLE_IDENTIFIER = com.coreygwin.Here;
				PRODUCT_NAME = "$(TARGET_NAME)";
				SWIFT_EMIT_LOC_STRINGS = YES;
				SWIFT_VERSION = 5.0;
			};
			name = Debug;
		};
		1C60BB9428B56634002E5C94 /* Release */ = {
			isa = XCBuildConfiguration;
			buildSettings = {
				ASSETCATALOG_COMPILER_APPICON_NAME = AppIcon;
				ASSETCATALOG_COMPILER_GLOBAL_ACCENT_COLOR_NAME = AccentColor;
				CODE_SIGN_ENTITLEMENTS = Here/Here.entitlements;
				CODE_SIGN_STYLE = Automatic;
				COMBINE_HIDPI_IMAGES = YES;
				CURRENT_PROJECT_VERSION = 1;
				DEVELOPMENT_ASSET_PATHS = "\"Here/Preview Content\"";
				DEVELOPMENT_TEAM = KQAXZ9X69A;
				ENABLE_HARDENED_RUNTIME = YES;
				ENABLE_PREVIEWS = YES;
				GENERATE_INFOPLIST_FILE = YES;
				INFOPLIST_KEY_NSHumanReadableCopyright = "";
				LD_RUNPATH_SEARCH_PATHS = (
					"$(inherited)",
					"@executable_path/../Frameworks",
				);
				MARKETING_VERSION = 1.0;
				PRODUCT_BUNDLE_IDENTIFIER = com.coreygwin.Here;
				PRODUCT_NAME = "$(TARGET_NAME)";
				SWIFT_EMIT_LOC_STRINGS = YES;
				SWIFT_VERSION = 5.0;
			};
			name = Release;
		};
/* End XCBuildConfiguration section */

/* Begin XCConfigurationList section */
		1C60BB7E28B56632002E5C94 /* Build configuration list for PBXProject "Here" */ = {
			isa = XCConfigurationList;
			buildConfigurations = (
				1C60BB9028B56634002E5C94 /* Debug */,
				1C60BB9128B56634002E5C94 /* Release */,
			);
			defaultConfigurationIsVisible = 0;
			defaultConfigurationName = Release;
		};
		1C60BB9228B56634002E5C94 /* Build configuration list for PBXNativeTarget "Here" */ = {
			isa = XCConfigurationList;
			buildConfigurations = (
				1C60BB9328B56634002E5C94 /* Debug */,
				1C60BB9428B56634002E5C94 /* Release */,
			);
			defaultConfigurationIsVisible = 0;
			defaultConfigurationName = Release;
		};
/* End XCConfigurationList section */
	};
	rootObject = 1C60BB7B28B56632002E5C94 /* Project object */;
}
